
Microsoft Visual Studio Solution File, Format Version 12.00
# Visual Studio Version 16
VisualStudioVersion = 16.0.30204.135
MinimumVisualStudioVersion = 10.0.40219.1
Project("{FAE04EC0-301F-11D3-BF4B-00C04F79EFBC}") = "PrCSharp_lab_1", "PrCSharp_lab_1\PrCSharp_lab_1.csproj", "{146B4D5C-E804-4051-B554-9A58751E5020}"
EndProject
Global
	GlobalSection(SolutionConfigurationPlatforms) = preSolution
		Debug|Any CPU = Debug|Any CPU
		Release|Any CPU = Release|Any CPU
	EndGlobalSection
	GlobalSection(ProjectConfigurationPlatforms) = postSolution
		{146B4D5C-E804-4051-B554-9A58751E5020}.Debug|Any CPU.ActiveCfg = Debug|Any CPU
		{146B4D5C-E804-4051-B554-9A58751E5020}.Debug|Any CPU.Build.0 = Debug|Any CPU
		{146B4D5C-E804-4051-B554-9A58751E5020}.Release|Any CPU.ActiveCfg = Release|Any CPU
		{146B4D5C-E804-4051-B554-9A58751E5020}.Release|Any CPU.Build.0 = Release|Any CPU
	EndGlobalSection
	GlobalSection(SolutionProperties) = preSolution
		HideSolutionNode = FALSE
	EndGlobalSection
	GlobalSection(ExtensibilityGlobals) = postSolution
		SolutionGuid = {197FE085-8101-49D2-BFF0-21C684D72FFC}
	EndGlobalSection
EndGlobal
